
Microsoft Visual Studio Solution File, Format Version 12.00
# Visual Studio Version 16
VisualStudioVersion = 16.0.28902.138
MinimumVisualStudioVersion = 10.0.40219.1
Project("{FAE04EC0-301F-11D3-BF4B-00C04F79EFBC}") = "MyLeasing.Common", "MyLeasing.Common\MyLeasing.Common.csproj", "{C5AF72A6-EE91-4DF5-9743-CC0230913995}"
EndProject
Project("{FAE04EC0-301F-11D3-BF4B-00C04F79EFBC}") = "MyLeasing.Web", "MyLeasing.Web\MyLeasing.Web.csproj", "{1F05D3F2-9645-4D1F-8E9D-B23B073D55D1}"
EndProject
Global
	GlobalSection(SolutionConfigurationPlatforms) = preSolution
		Debug|Any CPU = Debug|Any CPU
		Release|Any CPU = Release|Any CPU
	EndGlobalSection
	GlobalSection(ProjectConfigurationPlatforms) = postSolution
		{C5AF72A6-EE91-4DF5-9743-CC0230913995}.Debug|Any CPU.ActiveCfg = Debug|Any CPU
		{C5AF72A6-EE91-4DF5-9743-CC0230913995}.Debug|Any CPU.Build.0 = Debug|Any CPU
		{C5AF72A6-EE91-4DF5-9743-CC0230913995}.Release|Any CPU.ActiveCfg = Release|Any CPU
		{C5AF72A6-EE91-4DF5-9743-CC0230913995}.Release|Any CPU.Build.0 = Release|Any CPU
		{1F05D3F2-9645-4D1F-8E9D-B23B073D55D1}.Debug|Any CPU.ActiveCfg = Debug|Any CPU
		{1F05D3F2-9645-4D1F-8E9D-B23B073D55D1}.Debug|Any CPU.Build.0 = Debug|Any CPU
		{1F05D3F2-9645-4D1F-8E9D-B23B073D55D1}.Release|Any CPU.ActiveCfg = Release|Any CPU
		{1F05D3F2-9645-4D1F-8E9D-B23B073D55D1}.Release|Any CPU.Build.0 = Release|Any CPU
	EndGlobalSection
	GlobalSection(SolutionProperties) = preSolution
		HideSolutionNode = FALSE
	EndGlobalSection
	GlobalSection(ExtensibilityGlobals) = postSolution
		SolutionGuid = {74D18A2A-E864-489F-8721-B74A1F4BDB77}
	EndGlobalSection
EndGlobal
